// !$*UTF8*$!
{
	archiveVersion = 1;
	classes = {
	};
	objectVersion = 56;
	objects = {

/* Begin PBXBuildFile section */
		561B5ECE2C4D257700DD1663 /* CitiesScreen.swift in Sources */ = {isa = PBXBuildFile; fileRef = 561B5ECD2C4D257700DD1663 /* CitiesScreen.swift */; };
		561B5ED22C4D2CBC00DD1663 /* CityModel.swift in Sources */ = {isa = PBXBuildFile; fileRef = 561B5ED12C4D2CBC00DD1663 /* CityModel.swift */; };
		5634FA0B2C4D19D8000BC4FD /* EVAApp.swift in Sources */ = {isa = PBXBuildFile; fileRef = 5634FA0A2C4D19D8000BC4FD /* EVAApp.swift */; };
		5634FA0D2C4D19D8000BC4FD /* ContentView.swift in Sources */ = {isa = PBXBuildFile; fileRef = 5634FA0C2C4D19D8000BC4FD /* ContentView.swift */; };
		5634FA0F2C4D19DB000BC4FD /* Assets.xcassets in Resources */ = {isa = PBXBuildFile; fileRef = 5634FA0E2C4D19DB000BC4FD /* Assets.xcassets */; };
		5634FA122C4D19DC000BC4FD /* Preview Assets.xcassets in Resources */ = {isa = PBXBuildFile; fileRef = 5634FA112C4D19DC000BC4FD /* Preview Assets.xcassets */; };
		5634FA142C4D19DC000BC4FD /* Persistence.swift in Sources */ = {isa = PBXBuildFile; fileRef = 5634FA132C4D19DC000BC4FD /* Persistence.swift */; };
		5634FA172C4D19DC000BC4FD /* EVA.xcdatamodeld in Sources */ = {isa = PBXBuildFile; fileRef = 5634FA152C4D19DC000BC4FD /* EVA.xcdatamodeld */; };
		5634FA1E2C4D1ACA000BC4FD /* SplashScreen.swift in Sources */ = {isa = PBXBuildFile; fileRef = 5634FA1D2C4D1ACA000BC4FD /* SplashScreen.swift */; };
		564024EB2C4E1F4300F57C08 /* CityWeather.swift in Sources */ = {isa = PBXBuildFile; fileRef = 564024EA2C4E1F4300F57C08 /* CityWeather.swift */; };
		564024EE2C4E28C500F57C08 /* Double+Extensions.swift in Sources */ = {isa = PBXBuildFile; fileRef = 564024ED2C4E28C500F57C08 /* Double+Extensions.swift */; };
		564024F22C4E296400F57C08 /* View+Extensions.swift in Sources */ = {isa = PBXBuildFile; fileRef = 564024F12C4E296400F57C08 /* View+Extensions.swift */; };
		564024F42C4E2D1900F57C08 /* WeatherRow.swift in Sources */ = {isa = PBXBuildFile; fileRef = 564024F32C4E2D1900F57C08 /* WeatherRow.swift */; };
		569621C72C4D62A400B424EC /* WeatherResponse.swift in Sources */ = {isa = PBXBuildFile; fileRef = 569621C62C4D62A400B424EC /* WeatherResponse.swift */; };
		569621CC2C4D643600B424EC /* ViewModel.swift in Sources */ = {isa = PBXBuildFile; fileRef = 569621CB2C4D643600B424EC /* ViewModel.swift */; };
		569621D82C4D6E5000B424EC /* Alamofire in Frameworks */ = {isa = PBXBuildFile; productRef = 569621D72C4D6E5000B424EC /* Alamofire */; };
		569621DA2C4D6EA200B424EC /* AppCommon.swift in Sources */ = {isa = PBXBuildFile; fileRef = 569621D92C4D6EA200B424EC /* AppCommon.swift */; };
		569621DD2C4D6EC500B424EC /* Reachability in Frameworks */ = {isa = PBXBuildFile; productRef = 569621DC2C4D6EC500B424EC /* Reachability */; };
		569621DF2C4D6FA700B424EC /* NetworkService.swift in Sources */ = {isa = PBXBuildFile; fileRef = 569621DE2C4D6FA700B424EC /* NetworkService.swift */; };
/* End PBXBuildFile section */

/* Begin PBXFileReference section */
		561B5ECD2C4D257700DD1663 /* CitiesScreen.swift */ = {isa = PBXFileReference; lastKnownFileType = sourcecode.swift; path = CitiesScreen.swift; sourceTree = "<group>"; };
		561B5ED12C4D2CBC00DD1663 /* CityModel.swift */ = {isa = PBXFileReference; lastKnownFileType = sourcecode.swift; path = CityModel.swift; sourceTree = "<group>"; };
		5634FA072C4D19D8000BC4FD /* EVA.app */ = {isa = PBXFileReference; explicitFileType = wrapper.application; includeInIndex = 0; path = EVA.app; sourceTree = BUILT_PRODUCTS_DIR; };
		5634FA0A2C4D19D8000BC4FD /* EVAApp.swift */ = {isa = PBXFileReference; lastKnownFileType = sourcecode.swift; path = EVAApp.swift; sourceTree = "<group>"; };
		5634FA0C2C4D19D8000BC4FD /* ContentView.swift */ = {isa = PBXFileReference; lastKnownFileType = sourcecode.swift; path = ContentView.swift; sourceTree = "<group>"; };
		5634FA0E2C4D19DB000BC4FD /* Assets.xcassets */ = {isa = PBXFileReference; lastKnownFileType = folder.assetcatalog; path = Assets.xcassets; sourceTree = "<group>"; };
		5634FA112C4D19DC000BC4FD /* Preview Assets.xcassets */ = {isa = PBXFileReference; lastKnownFileType = folder.assetcatalog; path = "Preview Assets.xcassets"; sourceTree = "<group>"; };
		5634FA132C4D19DC000BC4FD /* Persistence.swift */ = {isa = PBXFileReference; lastKnownFileType = sourcecode.swift; path = Persistence.swift; sourceTree = "<group>"; };
		5634FA162C4D19DC000BC4FD /* EVA.xcdatamodel */ = {isa = PBXFileReference; lastKnownFileType = wrapper.xcdatamodel; path = EVA.xcdatamodel; sourceTree = "<group>"; };
		5634FA1D2C4D1ACA000BC4FD /* SplashScreen.swift */ = {isa = PBXFileReference; lastKnownFileType = sourcecode.swift; path = SplashScreen.swift; sourceTree = "<group>"; };
		564024EA2C4E1F4300F57C08 /* CityWeather.swift */ = {isa = PBXFileReference; lastKnownFileType = sourcecode.swift; path = CityWeather.swift; sourceTree = "<group>"; };
		564024ED2C4E28C500F57C08 /* Double+Extensions.swift */ = {isa = PBXFileReference; lastKnownFileType = sourcecode.swift; path = "Double+Extensions.swift"; sourceTree = "<group>"; };
		564024F12C4E296400F57C08 /* View+Extensions.swift */ = {isa = PBXFileReference; lastKnownFileType = sourcecode.swift; path = "View+Extensions.swift"; sourceTree = "<group>"; };
		564024F32C4E2D1900F57C08 /* WeatherRow.swift */ = {isa = PBXFileReference; lastKnownFileType = sourcecode.swift; path = WeatherRow.swift; sourceTree = "<group>"; };
		569621C62C4D62A400B424EC /* WeatherResponse.swift */ = {isa = PBXFileReference; lastKnownFileType = sourcecode.swift; path = WeatherResponse.swift; sourceTree = "<group>"; };
		569621CB2C4D643600B424EC /* ViewModel.swift */ = {isa = PBXFileReference; lastKnownFileType = sourcecode.swift; path = ViewModel.swift; sourceTree = "<group>"; };
		569621D92C4D6EA200B424EC /* AppCommon.swift */ = {isa = PBXFileReference; lastKnownFileType = sourcecode.swift; path = AppCommon.swift; sourceTree = "<group>"; };
		569621DE2C4D6FA700B424EC /* NetworkService.swift */ = {isa = PBXFileReference; lastKnownFileType = sourcecode.swift; path = NetworkService.swift; sourceTree = "<group>"; };
/* End PBXFileReference section */

/* Begin PBXFrameworksBuildPhase section */
		5634FA042C4D19D8000BC4FD /* Frameworks */ = {
			isa = PBXFrameworksBuildPhase;
			buildActionMask = 2147483647;
			files = (
				569621D82C4D6E5000B424EC /* Alamofire in Frameworks */,
				569621DD2C4D6EC500B424EC /* Reachability in Frameworks */,
			);
			runOnlyForDeploymentPostprocessing = 0;
		};
/* End PBXFrameworksBuildPhase section */

/* Begin PBXGroup section */
		561B5ED02C4D2CA200DD1663 /* Model */ = {
			isa = PBXGroup;
			children = (
				561B5ED12C4D2CBC00DD1663 /* CityModel.swift */,
				569621C62C4D62A400B424EC /* WeatherResponse.swift */,
				569621DE2C4D6FA700B424EC /* NetworkService.swift */,
			);
			path = Model;
			sourceTree = "<group>";
		};
		5634F9FE2C4D19D8000BC4FD = {
			isa = PBXGroup;
			children = (
				5634FA092C4D19D8000BC4FD /* EVA */,
				5634FA082C4D19D8000BC4FD /* Products */,
			);
			sourceTree = "<group>";
		};
		5634FA082C4D19D8000BC4FD /* Products */ = {
			isa = PBXGroup;
			children = (
				5634FA072C4D19D8000BC4FD /* EVA.app */,
			);
			name = Products;
			sourceTree = "<group>";
		};
		5634FA092C4D19D8000BC4FD /* EVA */ = {
			isa = PBXGroup;
			children = (
				564024EC2C4E28B000F57C08 /* Extensions */,
				569621CA2C4D642300B424EC /* ViewModel */,
				569621C92C4D63FD00B424EC /* Views */,
				569621C82C4D63E600B424EC /* App */,
				561B5ED02C4D2CA200DD1663 /* Model */,
				5634FA0E2C4D19DB000BC4FD /* Assets.xcassets */,
				5634FA152C4D19DC000BC4FD /* EVA.xcdatamodeld */,
				5634FA102C4D19DC000BC4FD /* Preview Content */,
			);
			path = EVA;
			sourceTree = "<group>";
		};
		5634FA102C4D19DC000BC4FD /* Preview Content */ = {
			isa = PBXGroup;
			children = (
				5634FA112C4D19DC000BC4FD /* Preview Assets.xcassets */,
			);
			path = "Preview Content";
			sourceTree = "<group>";
		};
		564024EC2C4E28B000F57C08 /* Extensions */ = {
			isa = PBXGroup;
			children = (
				564024ED2C4E28C500F57C08 /* Double+Extensions.swift */,
				564024F12C4E296400F57C08 /* View+Extensions.swift */,
			);
			path = Extensions;
			sourceTree = "<group>";
		};
		569621C82C4D63E600B424EC /* App */ = {
			isa = PBXGroup;
			children = (
				5634FA0A2C4D19D8000BC4FD /* EVAApp.swift */,
				5634FA132C4D19DC000BC4FD /* Persistence.swift */,
				569621D92C4D6EA200B424EC /* AppCommon.swift */,
			);
			path = App;
			sourceTree = "<group>";
		};
		569621C92C4D63FD00B424EC /* Views */ = {
			isa = PBXGroup;
			children = (
				5634FA1D2C4D1ACA000BC4FD /* SplashScreen.swift */,
				561B5ECD2C4D257700DD1663 /* CitiesScreen.swift */,
				5634FA0C2C4D19D8000BC4FD /* ContentView.swift */,
				564024EA2C4E1F4300F57C08 /* CityWeather.swift */,
				564024F32C4E2D1900F57C08 /* WeatherRow.swift */,
			);
			path = Views;
			sourceTree = "<group>";
		};
		569621CA2C4D642300B424EC /* ViewModel */ = {
			isa = PBXGroup;
			children = (
				569621CB2C4D643600B424EC /* ViewModel.swift */,
			);
			path = ViewModel;
			sourceTree = "<group>";
		};
/* End PBXGroup section */

/* Begin PBXNativeTarget section */
		5634FA062C4D19D8000BC4FD /* EVA */ = {
			isa = PBXNativeTarget;
			buildConfigurationList = 5634FA1A2C4D19DC000BC4FD /* Build configuration list for PBXNativeTarget "EVA" */;
			buildPhases = (
				5634FA032C4D19D8000BC4FD /* Sources */,
				5634FA042C4D19D8000BC4FD /* Frameworks */,
				5634FA052C4D19D8000BC4FD /* Resources */,
			);
			buildRules = (
			);
			dependencies = (
			);
			name = EVA;
			packageProductDependencies = (
				569621D72C4D6E5000B424EC /* Alamofire */,
				569621DC2C4D6EC500B424EC /* Reachability */,
			);
			productName = EVA;
			productReference = 5634FA072C4D19D8000BC4FD /* EVA.app */;
			productType = "com.apple.product-type.application";
		};
/* End PBXNativeTarget section */

/* Begin PBXProject section */
		5634F9FF2C4D19D8000BC4FD /* Project object */ = {
			isa = PBXProject;
			attributes = {
				BuildIndependentTargetsInParallel = 1;
				LastSwiftUpdateCheck = 1420;
				LastUpgradeCheck = 1420;
				TargetAttributes = {
					5634FA062C4D19D8000BC4FD = {
						CreatedOnToolsVersion = 14.2;
					};
				};
			};
			buildConfigurationList = 5634FA022C4D19D8000BC4FD /* Build configuration list for PBXProject "EVA" */;
			compatibilityVersion = "Xcode 14.0";
			developmentRegion = en;
			hasScannedForEncodings = 0;
			knownRegions = (
				en,
				Base,
			);
			mainGroup = 5634F9FE2C4D19D8000BC4FD;
			packageReferences = (
				569621D62C4D6E5000B424EC /* XCRemoteSwiftPackageReference "Alamofire" */,
				569621DB2C4D6EC400B424EC /* XCRemoteSwiftPackageReference "Reachability" */,
			);
			productRefGroup = 5634FA082C4D19D8000BC4FD /* Products */;
			projectDirPath = "";
			projectRoot = "";
			targets = (
				5634FA062C4D19D8000BC4FD /* EVA */,
			);
		};
/* End PBXProject section */

/* Begin PBXResourcesBuildPhase section */
		5634FA052C4D19D8000BC4FD /* Resources */ = {
			isa = PBXResourcesBuildPhase;
			buildActionMask = 2147483647;
			files = (
				5634FA122C4D19DC000BC4FD /* Preview Assets.xcassets in Resources */,
				5634FA0F2C4D19DB000BC4FD /* Assets.xcassets in Resources */,
			);
			runOnlyForDeploymentPostprocessing = 0;
		};
/* End PBXResourcesBuildPhase section */

/* Begin PBXSourcesBuildPhase section */
		5634FA032C4D19D8000BC4FD /* Sources */ = {
			isa = PBXSourcesBuildPhase;
			buildActionMask = 2147483647;
			files = (
				564024F42C4E2D1900F57C08 /* WeatherRow.swift in Sources */,
				569621DF2C4D6FA700B424EC /* NetworkService.swift in Sources */,
				564024EE2C4E28C500F57C08 /* Double+Extensions.swift in Sources */,
				561B5ECE2C4D257700DD1663 /* CitiesScreen.swift in Sources */,
				569621CC2C4D643600B424EC /* ViewModel.swift in Sources */,
				5634FA1E2C4D1ACA000BC4FD /* SplashScreen.swift in Sources */,
				5634FA172C4D19DC000BC4FD /* EVA.xcdatamodeld in Sources */,
				5634FA142C4D19DC000BC4FD /* Persistence.swift in Sources */,
				5634FA0D2C4D19D8000BC4FD /* ContentView.swift in Sources */,
				5634FA0B2C4D19D8000BC4FD /* EVAApp.swift in Sources */,
				561B5ED22C4D2CBC00DD1663 /* CityModel.swift in Sources */,
				564024F22C4E296400F57C08 /* View+Extensions.swift in Sources */,
				564024EB2C4E1F4300F57C08 /* CityWeather.swift in Sources */,
				569621C72C4D62A400B424EC /* WeatherResponse.swift in Sources */,
				569621DA2C4D6EA200B424EC /* AppCommon.swift in Sources */,
			);
			runOnlyForDeploymentPostprocessing = 0;
		};
/* End PBXSourcesBuildPhase section */

/* Begin XCBuildConfiguration section */
		5634FA182C4D19DC000BC4FD /* Debug */ = {
			isa = XCBuildConfiguration;
			buildSettings = {
				ALWAYS_SEARCH_USER_PATHS = NO;
				CLANG_ANALYZER_NONNULL = YES;
				CLANG_ANALYZER_NUMBER_OBJECT_CONVERSION = YES_AGGRESSIVE;
				CLANG_CXX_LANGUAGE_STANDARD = "gnu++20";
				CLANG_ENABLE_MODULES = YES;
				CLANG_ENABLE_OBJC_ARC = YES;
				CLANG_ENABLE_OBJC_WEAK = YES;
				CLANG_WARN_BLOCK_CAPTURE_AUTORELEASING = YES;
				CLANG_WARN_BOOL_CONVERSION = YES;
				CLANG_WARN_COMMA = YES;
				CLANG_WARN_CONSTANT_CONVERSION = YES;
				CLANG_WARN_DEPRECATED_OBJC_IMPLEMENTATIONS = YES;
				CLANG_WARN_DIRECT_OBJC_ISA_USAGE = YES_ERROR;
				CLANG_WARN_DOCUMENTATION_COMMENTS = YES;
				CLANG_WARN_EMPTY_BODY = YES;
				CLANG_WARN_ENUM_CONVERSION = YES;
				CLANG_WARN_INFINITE_RECURSION = YES;
				CLANG_WARN_INT_CONVERSION = YES;
				CLANG_WARN_NON_LITERAL_NULL_CONVERSION = YES;
				CLANG_WARN_OBJC_IMPLICIT_RETAIN_SELF = YES;
				CLANG_WARN_OBJC_LITERAL_CONVERSION = YES;
				CLANG_WARN_OBJC_ROOT_CLASS = YES_ERROR;
				CLANG_WARN_QUOTED_INCLUDE_IN_FRAMEWORK_HEADER = YES;
				CLANG_WARN_RANGE_LOOP_ANALYSIS = YES;
				CLANG_WARN_STRICT_PROTOTYPES = YES;
				CLANG_WARN_SUSPICIOUS_MOVE = YES;
				CLANG_WARN_UNGUARDED_AVAILABILITY = YES_AGGRESSIVE;
				CLANG_WARN_UNREACHABLE_CODE = YES;
				CLANG_WARN__DUPLICATE_METHOD_MATCH = YES;
				COPY_PHASE_STRIP = NO;
				DEBUG_INFORMATION_FORMAT = dwarf;
				ENABLE_STRICT_OBJC_MSGSEND = YES;
				ENABLE_TESTABILITY = YES;
				GCC_C_LANGUAGE_STANDARD = gnu11;
				GCC_DYNAMIC_NO_PIC = NO;
				GCC_NO_COMMON_BLOCKS = YES;
				GCC_OPTIMIZATION_LEVEL = 0;
				GCC_PREPROCESSOR_DEFINITIONS = (
					"DEBUG=1",
					"$(inherited)",
				);
				GCC_WARN_64_TO_32_BIT_CONVERSION = YES;
				GCC_WARN_ABOUT_RETURN_TYPE = YES_ERROR;
				GCC_WARN_UNDECLARED_SELECTOR = YES;
				GCC_WARN_UNINITIALIZED_AUTOS = YES_AGGRESSIVE;
				GCC_WARN_UNUSED_FUNCTION = YES;
				GCC_WARN_UNUSED_VARIABLE = YES;
				IPHONEOS_DEPLOYMENT_TARGET = 16.2;
				MTL_ENABLE_DEBUG_INFO = INCLUDE_SOURCE;
				MTL_FAST_MATH = YES;
				ONLY_ACTIVE_ARCH = YES;
				SDKROOT = iphoneos;
				SWIFT_ACTIVE_COMPILATION_CONDITIONS = DEBUG;
				SWIFT_OPTIMIZATION_LEVEL = "-Onone";
			};
			name = Debug;
		};
		5634FA192C4D19DC000BC4FD /* Release */ = {
			isa = XCBuildConfiguration;
			buildSettings = {
				ALWAYS_SEARCH_USER_PATHS = NO;
				CLANG_ANALYZER_NONNULL = YES;
				CLANG_ANALYZER_NUMBER_OBJECT_CONVERSION = YES_AGGRESSIVE;
				CLANG_CXX_LANGUAGE_STANDARD = "gnu++20";
				CLANG_ENABLE_MODULES = YES;
				CLANG_ENABLE_OBJC_ARC = YES;
				CLANG_ENABLE_OBJC_WEAK = YES;
				CLANG_WARN_BLOCK_CAPTURE_AUTORELEASING = YES;
				CLANG_WARN_BOOL_CONVERSION = YES;
				CLANG_WARN_COMMA = YES;
				CLANG_WARN_CONSTANT_CONVERSION = YES;
				CLANG_WARN_DEPRECATED_OBJC_IMPLEMENTATIONS = YES;
				CLANG_WARN_DIRECT_OBJC_ISA_USAGE = YES_ERROR;
				CLANG_WARN_DOCUMENTATION_COMMENTS = YES;
				CLANG_WARN_EMPTY_BODY = YES;
				CLANG_WARN_ENUM_CONVERSION = YES;
				CLANG_WARN_INFINITE_RECURSION = YES;
				CLANG_WARN_INT_CONVERSION = YES;
				CLANG_WARN_NON_LITERAL_NULL_CONVERSION = YES;
				CLANG_WARN_OBJC_IMPLICIT_RETAIN_SELF = YES;
				CLANG_WARN_OBJC_LITERAL_CONVERSION = YES;
				CLANG_WARN_OBJC_ROOT_CLASS = YES_ERROR;
				CLANG_WARN_QUOTED_INCLUDE_IN_FRAMEWORK_HEADER = YES;
				CLANG_WARN_RANGE_LOOP_ANALYSIS = YES;
				CLANG_WARN_STRICT_PROTOTYPES = YES;
				CLANG_WARN_SUSPICIOUS_MOVE = YES;
				CLANG_WARN_UNGUARDED_AVAILABILITY = YES_AGGRESSIVE;
				CLANG_WARN_UNREACHABLE_CODE = YES;
				CLANG_WARN__DUPLICATE_METHOD_MATCH = YES;
				COPY_PHASE_STRIP = NO;
				DEBUG_INFORMATION_FORMAT = "dwarf-with-dsym";
				ENABLE_NS_ASSERTIONS = NO;
				ENABLE_STRICT_OBJC_MSGSEND = YES;
				GCC_C_LANGUAGE_STANDARD = gnu11;
				GCC_NO_COMMON_BLOCKS = YES;
				GCC_WARN_64_TO_32_BIT_CONVERSION = YES;
				GCC_WARN_ABOUT_RETURN_TYPE = YES_ERROR;
				GCC_WARN_UNDECLARED_SELECTOR = YES;
				GCC_WARN_UNINITIALIZED_AUTOS = YES_AGGRESSIVE;
				GCC_WARN_UNUSED_FUNCTION = YES;
				GCC_WARN_UNUSED_VARIABLE = YES;
				IPHONEOS_DEPLOYMENT_TARGET = 16.2;
				MTL_ENABLE_DEBUG_INFO = NO;
				MTL_FAST_MATH = YES;
				SDKROOT = iphoneos;
				SWIFT_COMPILATION_MODE = wholemodule;
				SWIFT_OPTIMIZATION_LEVEL = "-O";
				VALIDATE_PRODUCT = YES;
			};
			name = Release;
		};
		5634FA1B2C4D19DC000BC4FD /* Debug */ = {
			isa = XCBuildConfiguration;
			buildSettings = {
				ASSETCATALOG_COMPILER_APPICON_NAME = AppIcon;
				ASSETCATALOG_COMPILER_GLOBAL_ACCENT_COLOR_NAME = AccentColor;
				CODE_SIGN_STYLE = Automatic;
				CURRENT_PROJECT_VERSION = 1;
				DEVELOPMENT_ASSET_PATHS = "\"EVA/Preview Content\"";
				ENABLE_PREVIEWS = YES;
				GENERATE_INFOPLIST_FILE = YES;
				INFOPLIST_KEY_UIApplicationSceneManifest_Generation = YES;
				INFOPLIST_KEY_UIApplicationSupportsIndirectInputEvents = YES;
				INFOPLIST_KEY_UILaunchScreen_Generation = YES;
				INFOPLIST_KEY_UISupportedInterfaceOrientations_iPad = "UIInterfaceOrientationPortrait UIInterfaceOrientationPortraitUpsideDown UIInterfaceOrientationLandscapeLeft UIInterfaceOrientationLandscapeRight";
				INFOPLIST_KEY_UISupportedInterfaceOrientations_iPhone = "UIInterfaceOrientationPortrait UIInterfaceOrientationLandscapeLeft UIInterfaceOrientationLandscapeRight";
				LD_RUNPATH_SEARCH_PATHS = (
					"$(inherited)",
					"@executable_path/Frameworks",
				);
				MARKETING_VERSION = 1.0;
				PRODUCT_BUNDLE_IDENTIFIER = iti.EVA;
				PRODUCT_NAME = "$(TARGET_NAME)";
				SWIFT_EMIT_LOC_STRINGS = YES;
				SWIFT_VERSION = 5.0;
				TARGETED_DEVICE_FAMILY = "1,2";
			};
			name = Debug;
		};
		5634FA1C2C4D19DC000BC4FD /* Release */ = {
			isa = XCBuildConfiguration;
			buildSettings = {
				ASSETCATALOG_COMPILER_APPICON_NAME = AppIcon;
				ASSETCATALOG_COMPILER_GLOBAL_ACCENT_COLOR_NAME = AccentColor;
				CODE_SIGN_STYLE = Automatic;
				CURRENT_PROJECT_VERSION = 1;
				DEVELOPMENT_ASSET_PATHS = "\"EVA/Preview Content\"";
				ENABLE_PREVIEWS = YES;
				GENERATE_INFOPLIST_FILE = YES;
				INFOPLIST_KEY_UIApplicationSceneManifest_Generation = YES;
				INFOPLIST_KEY_UIApplicationSupportsIndirectInputEvents = YES;
				INFOPLIST_KEY_UILaunchScreen_Generation = YES;
				INFOPLIST_KEY_UISupportedInterfaceOrientations_iPad = "UIInterfaceOrientationPortrait UIInterfaceOrientationPortraitUpsideDown UIInterfaceOrientationLandscapeLeft UIInterfaceOrientationLandscapeRight";
				INFOPLIST_KEY_UISupportedInterfaceOrientations_iPhone = "UIInterfaceOrientationPortrait UIInterfaceOrientationLandscapeLeft UIInterfaceOrientationLandscapeRight";
				LD_RUNPATH_SEARCH_PATHS = (
					"$(inherited)",
					"@executable_path/Frameworks",
				);
				MARKETING_VERSION = 1.0;
				PRODUCT_BUNDLE_IDENTIFIER = iti.EVA;
				PRODUCT_NAME = "$(TARGET_NAME)";
				SWIFT_EMIT_LOC_STRINGS = YES;
				SWIFT_VERSION = 5.0;
				TARGETED_DEVICE_FAMILY = "1,2";
			};
			name = Release;
		};
/* End XCBuildConfiguration section */

/* Begin XCConfigurationList section */
		5634FA022C4D19D8000BC4FD /* Build configuration list for PBXProject "EVA" */ = {
			isa = XCConfigurationList;
			buildConfigurations = (
				5634FA182C4D19DC000BC4FD /* Debug */,
				5634FA192C4D19DC000BC4FD /* Release */,
			);
			defaultConfigurationIsVisible = 0;
			defaultConfigurationName = Release;
		};
		5634FA1A2C4D19DC000BC4FD /* Build configuration list for PBXNativeTarget "EVA" */ = {
			isa = XCConfigurationList;
			buildConfigurations = (
				5634FA1B2C4D19DC000BC4FD /* Debug */,
				5634FA1C2C4D19DC000BC4FD /* Release */,
			);
			defaultConfigurationIsVisible = 0;
			defaultConfigurationName = Release;
		};
/* End XCConfigurationList section */

/* Begin XCRemoteSwiftPackageReference section */
		569621D62C4D6E5000B424EC /* XCRemoteSwiftPackageReference "Alamofire" */ = {
			isa = XCRemoteSwiftPackageReference;
			repositoryURL = "https://github.com/Alamofire/Alamofire";
			requirement = {
				kind = upToNextMajorVersion;
				minimumVersion = 5.0.0;
			};
		};
		569621DB2C4D6EC400B424EC /* XCRemoteSwiftPackageReference "Reachability" */ = {
			isa = XCRemoteSwiftPackageReference;
			repositoryURL = "https://github.com/ashleymills/Reachability.swift";
			requirement = {
				branch = master;
				kind = branch;
			};
		};
/* End XCRemoteSwiftPackageReference section */

/* Begin XCSwiftPackageProductDependency section */
		569621D72C4D6E5000B424EC /* Alamofire */ = {
			isa = XCSwiftPackageProductDependency;
			package = 569621D62C4D6E5000B424EC /* XCRemoteSwiftPackageReference "Alamofire" */;
			productName = Alamofire;
		};
		569621DC2C4D6EC500B424EC /* Reachability */ = {
			isa = XCSwiftPackageProductDependency;
			package = 569621DB2C4D6EC400B424EC /* XCRemoteSwiftPackageReference "Reachability" */;
			productName = Reachability;
		};
/* End XCSwiftPackageProductDependency section */

/* Begin XCVersionGroup section */
		5634FA152C4D19DC000BC4FD /* EVA.xcdatamodeld */ = {
			isa = XCVersionGroup;
			children = (
				5634FA162C4D19DC000BC4FD /* EVA.xcdatamodel */,
			);
			currentVersion = 5634FA162C4D19DC000BC4FD /* EVA.xcdatamodel */;
			path = EVA.xcdatamodeld;
			sourceTree = "<group>";
			versionGroupType = wrapper.xcdatamodel;
		};
/* End XCVersionGroup section */
	};
	rootObject = 5634F9FF2C4D19D8000BC4FD /* Project object */;
}
